
Microsoft Visual Studio Solution File, Format Version 12.00
# Visual Studio 15
VisualStudioVersion = 15.0.28307.572
MinimumVisualStudioVersion = 10.0.40219.1
Project("{FAE04EC0-301F-11D3-BF4B-00C04F79EFBC}") = "MyBlog.Data", "MyBlog.Data\MyBlog.Data.csproj", "{0DE2112F-66ED-480E-A8CB-6DA726352580}"
EndProject
Project("{FAE04EC0-301F-11D3-BF4B-00C04F79EFBC}") = "MyBlog.DTO", "MyBlog.DTO\MyBlog.DTO.csproj", "{927DE4BE-82B5-4332-912E-9CEEDA6817BA}"
EndProject
Project("{FAE04EC0-301F-11D3-BF4B-00C04F79EFBC}") = "MyBlog.Service", "MyBlog.Service\MyBlog.Service.csproj", "{945BE803-415F-4787-8FB0-E90DF689DCC8}"
EndProject
Project("{FAE04EC0-301F-11D3-BF4B-00C04F79EFBC}") = "MyBlog.UnitTest", "MyBlog.UnitTest\MyBlog.UnitTest.csproj", "{617E4BBE-E6AD-4A23-BC8B-15384C759B8E}"
EndProject
Project("{FAE04EC0-301F-11D3-BF4B-00C04F79EFBC}") = "MyBlog.Panel", "MyBlog.Panel\MyBlog.Panel.csproj", "{31C41AEB-585E-44FD-97B5-A238EE32A5B6}"
EndProject
Project("{FAE04EC0-301F-11D3-BF4B-00C04F79EFBC}") = "MyBlog.Api", "MyBlog.Api\MyBlog.Api.csproj", "{964709F7-AD73-425B-B898-F0B08857FA3A}"
EndProject
Project("{FAE04EC0-301F-11D3-BF4B-00C04F79EFBC}") = "MyBlog.Blog", "MyBlog.Blog\MyBlog.Blog.csproj", "{99A275EC-2D88-4A19-AFA4-3279FF6A5409}"
EndProject
Global
	GlobalSection(SolutionConfigurationPlatforms) = preSolution
		Debug|Any CPU = Debug|Any CPU
		Release|Any CPU = Release|Any CPU
	EndGlobalSection
	GlobalSection(ProjectConfigurationPlatforms) = postSolution
		{0DE2112F-66ED-480E-A8CB-6DA726352580}.Debug|Any CPU.ActiveCfg = Debug|Any CPU
		{0DE2112F-66ED-480E-A8CB-6DA726352580}.Debug|Any CPU.Build.0 = Debug|Any CPU
		{0DE2112F-66ED-480E-A8CB-6DA726352580}.Release|Any CPU.ActiveCfg = Release|Any CPU
		{0DE2112F-66ED-480E-A8CB-6DA726352580}.Release|Any CPU.Build.0 = Release|Any CPU
		{927DE4BE-82B5-4332-912E-9CEEDA6817BA}.Debug|Any CPU.ActiveCfg = Debug|Any CPU
		{927DE4BE-82B5-4332-912E-9CEEDA6817BA}.Debug|Any CPU.Build.0 = Debug|Any CPU
		{927DE4BE-82B5-4332-912E-9CEEDA6817BA}.Release|Any CPU.ActiveCfg = Release|Any CPU
		{927DE4BE-82B5-4332-912E-9CEEDA6817BA}.Release|Any CPU.Build.0 = Release|Any CPU
		{945BE803-415F-4787-8FB0-E90DF689DCC8}.Debug|Any CPU.ActiveCfg = Debug|Any CPU
		{945BE803-415F-4787-8FB0-E90DF689DCC8}.Debug|Any CPU.Build.0 = Debug|Any CPU
		{945BE803-415F-4787-8FB0-E90DF689DCC8}.Release|Any CPU.ActiveCfg = Release|Any CPU
		{945BE803-415F-4787-8FB0-E90DF689DCC8}.Release|Any CPU.Build.0 = Release|Any CPU
		{617E4BBE-E6AD-4A23-BC8B-15384C759B8E}.Debug|Any CPU.ActiveCfg = Debug|Any CPU
		{617E4BBE-E6AD-4A23-BC8B-15384C759B8E}.Debug|Any CPU.Build.0 = Debug|Any CPU
		{617E4BBE-E6AD-4A23-BC8B-15384C759B8E}.Release|Any CPU.ActiveCfg = Release|Any CPU
		{617E4BBE-E6AD-4A23-BC8B-15384C759B8E}.Release|Any CPU.Build.0 = Release|Any CPU
		{31C41AEB-585E-44FD-97B5-A238EE32A5B6}.Debug|Any CPU.ActiveCfg = Debug|Any CPU
		{31C41AEB-585E-44FD-97B5-A238EE32A5B6}.Debug|Any CPU.Build.0 = Debug|Any CPU
		{31C41AEB-585E-44FD-97B5-A238EE32A5B6}.Release|Any CPU.ActiveCfg = Release|Any CPU
		{31C41AEB-585E-44FD-97B5-A238EE32A5B6}.Release|Any CPU.Build.0 = Release|Any CPU
		{964709F7-AD73-425B-B898-F0B08857FA3A}.Debug|Any CPU.ActiveCfg = Debug|Any CPU
		{964709F7-AD73-425B-B898-F0B08857FA3A}.Debug|Any CPU.Build.0 = Debug|Any CPU
		{964709F7-AD73-425B-B898-F0B08857FA3A}.Release|Any CPU.ActiveCfg = Release|Any CPU
		{964709F7-AD73-425B-B898-F0B08857FA3A}.Release|Any CPU.Build.0 = Release|Any CPU
		{99A275EC-2D88-4A19-AFA4-3279FF6A5409}.Debug|Any CPU.ActiveCfg = Debug|Any CPU
		{99A275EC-2D88-4A19-AFA4-3279FF6A5409}.Debug|Any CPU.Build.0 = Debug|Any CPU
		{99A275EC-2D88-4A19-AFA4-3279FF6A5409}.Release|Any CPU.ActiveCfg = Release|Any CPU
		{99A275EC-2D88-4A19-AFA4-3279FF6A5409}.Release|Any CPU.Build.0 = Release|Any CPU
	EndGlobalSection
	GlobalSection(SolutionProperties) = preSolution
		HideSolutionNode = FALSE
	EndGlobalSection
	GlobalSection(ExtensibilityGlobals) = postSolution
		SolutionGuid = {A3B6995D-DC69-494B-BA7E-890099195B90}
	EndGlobalSection
EndGlobal
